// !$*UTF8*$!
{
	archiveVersion = 1;
	classes = {
	};
	objectVersion = 50;
	objects = {

/* Begin PBXBuildFile section */
		CAEBAF3C23CDAAFF004B7F40 /* AppDelegate.swift in Sources */ = {isa = PBXBuildFile; fileRef = CAEBAF3B23CDAAFF004B7F40 /* AppDelegate.swift */; };
		CAEBAF3E23CDAAFF004B7F40 /* SceneDelegate.swift in Sources */ = {isa = PBXBuildFile; fileRef = CAEBAF3D23CDAAFF004B7F40 /* SceneDelegate.swift */; };
		CAEBAF4023CDAAFF004B7F40 /* ViewController.swift in Sources */ = {isa = PBXBuildFile; fileRef = CAEBAF3F23CDAAFF004B7F40 /* ViewController.swift */; };
		CAEBAF4323CDAAFF004B7F40 /* Main.storyboard in Resources */ = {isa = PBXBuildFile; fileRef = CAEBAF4123CDAAFF004B7F40 /* Main.storyboard */; };
		CAEBAF4523CDAB00004B7F40 /* Assets.xcassets in Resources */ = {isa = PBXBuildFile; fileRef = CAEBAF4423CDAB00004B7F40 /* Assets.xcassets */; };
		CAEBAF4823CDAB00004B7F40 /* LaunchScreen.storyboard in Resources */ = {isa = PBXBuildFile; fileRef = CAEBAF4623CDAB00004B7F40 /* LaunchScreen.storyboard */; };
		CAEBAF9623CDF3CC004B7F40 /* JzOsSqlHelper.framework in Frameworks */ = {isa = PBXBuildFile; fileRef = CAEBAF9523CDF3CC004B7F40 /* JzOsSqlHelper.framework */; };
/* End PBXBuildFile section */

/* Begin PBXCopyFilesBuildPhase section */
		CAEBAF8223CDF057004B7F40 /* Embed Frameworks */ = {
			isa = PBXCopyFilesBuildPhase;
			buildActionMask = 2147483647;
			dstPath = "";
			dstSubfolderSpec = 10;
			files = (
			);
			name = "Embed Frameworks";
			runOnlyForDeploymentPostprocessing = 0;
		};
/* End PBXCopyFilesBuildPhase section */

/* Begin PBXFileReference section */
		CAEBAF3823CDAAFF004B7F40 /* JzOsSqlHelperDemo.app */ = {isa = PBXFileReference; explicitFileType = wrapper.application; includeInIndex = 0; path = JzOsSqlHelperDemo.app; sourceTree = BUILT_PRODUCTS_DIR; };
		CAEBAF3B23CDAAFF004B7F40 /* AppDelegate.swift */ = {isa = PBXFileReference; lastKnownFileType = sourcecode.swift; path = AppDelegate.swift; sourceTree = "<group>"; };
		CAEBAF3D23CDAAFF004B7F40 /* SceneDelegate.swift */ = {isa = PBXFileReference; lastKnownFileType = sourcecode.swift; path = SceneDelegate.swift; sourceTree = "<group>"; };
		CAEBAF3F23CDAAFF004B7F40 /* ViewController.swift */ = {isa = PBXFileReference; lastKnownFileType = sourcecode.swift; path = ViewController.swift; sourceTree = "<group>"; };
		CAEBAF4223CDAAFF004B7F40 /* Base */ = {isa = PBXFileReference; lastKnownFileType = file.storyboard; name = Base; path = Base.lproj/Main.storyboard; sourceTree = "<group>"; };
		CAEBAF4423CDAB00004B7F40 /* Assets.xcassets */ = {isa = PBXFileReference; lastKnownFileType = folder.assetcatalog; path = Assets.xcassets; sourceTree = "<group>"; };
		CAEBAF4723CDAB00004B7F40 /* Base */ = {isa = PBXFileReference; lastKnownFileType = file.storyboard; name = Base; path = Base.lproj/LaunchScreen.storyboard; sourceTree = "<group>"; };
		CAEBAF4923CDAB00004B7F40 /* Info.plist */ = {isa = PBXFileReference; lastKnownFileType = text.plist.xml; path = Info.plist; sourceTree = "<group>"; };
		CAEBAF9523CDF3CC004B7F40 /* JzOsSqlHelper.framework */ = {isa = PBXFileReference; lastKnownFileType = wrapper.framework; path = JzOsSqlHelper.framework; sourceTree = "<group>"; };
/* End PBXFileReference section */

/* Begin PBXFrameworksBuildPhase section */
		CAEBAF3523CDAAFF004B7F40 /* Frameworks */ = {
			isa = PBXFrameworksBuildPhase;
			buildActionMask = 2147483647;
			files = (
				CAEBAF9623CDF3CC004B7F40 /* JzOsSqlHelper.framework in Frameworks */,
			);
			runOnlyForDeploymentPostprocessing = 0;
		};
/* End PBXFrameworksBuildPhase section */

/* Begin PBXGroup section */
		CAEBAF2F23CDAAFF004B7F40 = {
			isa = PBXGroup;
			children = (
				CAEBAF3A23CDAAFF004B7F40 /* JzOsSqlHelperDemo */,
				CAEBAF3923CDAAFF004B7F40 /* Products */,
			);
			sourceTree = "<group>";
		};
		CAEBAF3923CDAAFF004B7F40 /* Products */ = {
			isa = PBXGroup;
			children = (
				CAEBAF3823CDAAFF004B7F40 /* JzOsSqlHelperDemo.app */,
			);
			name = Products;
			sourceTree = "<group>";
		};
		CAEBAF3A23CDAAFF004B7F40 /* JzOsSqlHelperDemo */ = {
			isa = PBXGroup;
			children = (
				CAEBAF9523CDF3CC004B7F40 /* JzOsSqlHelper.framework */,
				CAEBAF3B23CDAAFF004B7F40 /* AppDelegate.swift */,
				CAEBAF3D23CDAAFF004B7F40 /* SceneDelegate.swift */,
				CAEBAF3F23CDAAFF004B7F40 /* ViewController.swift */,
				CAEBAF4123CDAAFF004B7F40 /* Main.storyboard */,
				CAEBAF4423CDAB00004B7F40 /* Assets.xcassets */,
				CAEBAF4623CDAB00004B7F40 /* LaunchScreen.storyboard */,
				CAEBAF4923CDAB00004B7F40 /* Info.plist */,
			);
			path = JzOsSqlHelperDemo;
			sourceTree = "<group>";
		};
/* End PBXGroup section */

/* Begin PBXNativeTarget section */
		CAEBAF3723CDAAFF004B7F40 /* JzOsSqlHelper */ = {
			isa = PBXNativeTarget;
			buildConfigurationList = CAEBAF4C23CDAB00004B7F40 /* Build configuration list for PBXNativeTarget "JzOsSqlHelper" */;
			buildPhases = (
				CAEBAF3423CDAAFF004B7F40 /* Sources */,
				CAEBAF3523CDAAFF004B7F40 /* Frameworks */,
				CAEBAF3623CDAAFF004B7F40 /* Resources */,
				CAEBAF8223CDF057004B7F40 /* Embed Frameworks */,
			);
			buildRules = (
			);
			dependencies = (
			);
			name = JzOsSqlHelper;
			productName = JzOsSqlHelper;
			productReference = CAEBAF3823CDAAFF004B7F40 /* JzOsSqlHelperDemo.app */;
			productType = "com.apple.product-type.application";
		};
/* End PBXNativeTarget section */

/* Begin PBXProject section */
		CAEBAF3023CDAAFF004B7F40 /* Project object */ = {
			isa = PBXProject;
			attributes = {
				LastSwiftUpdateCheck = 1130;
				LastUpgradeCheck = 1130;
				ORGANIZATIONNAME = Jianzhi.wang;
				TargetAttributes = {
					CAEBAF3723CDAAFF004B7F40 = {
						CreatedOnToolsVersion = 11.3;
					};
				};
			};
			buildConfigurationList = CAEBAF3323CDAAFF004B7F40 /* Build configuration list for PBXProject "JzOsSqlHelper" */;
			compatibilityVersion = "Xcode 9.3";
			developmentRegion = en;
			hasScannedForEncodings = 0;
			knownRegions = (
				en,
				Base,
			);
			mainGroup = CAEBAF2F23CDAAFF004B7F40;
			productRefGroup = CAEBAF3923CDAAFF004B7F40 /* Products */;
			projectDirPath = "";
			projectRoot = "";
			targets = (
				CAEBAF3723CDAAFF004B7F40 /* JzOsSqlHelper */,
			);
		};
/* End PBXProject section */

/* Begin PBXResourcesBuildPhase section */
		CAEBAF3623CDAAFF004B7F40 /* Resources */ = {
			isa = PBXResourcesBuildPhase;
			buildActionMask = 2147483647;
			files = (
				CAEBAF4823CDAB00004B7F40 /* LaunchScreen.storyboard in Resources */,
				CAEBAF4523CDAB00004B7F40 /* Assets.xcassets in Resources */,
				CAEBAF4323CDAAFF004B7F40 /* Main.storyboard in Resources */,
			);
			runOnlyForDeploymentPostprocessing = 0;
		};
/* End PBXResourcesBuildPhase section */

/* Begin PBXSourcesBuildPhase section */
		CAEBAF3423CDAAFF004B7F40 /* Sources */ = {
			isa = PBXSourcesBuildPhase;
			buildActionMask = 2147483647;
			files = (
				CAEBAF4023CDAAFF004B7F40 /* ViewController.swift in Sources */,
				CAEBAF3C23CDAAFF004B7F40 /* AppDelegate.swift in Sources */,
				CAEBAF3E23CDAAFF004B7F40 /* SceneDelegate.swift in Sources */,
			);
			runOnlyForDeploymentPostprocessing = 0;
		};
/* End PBXSourcesBuildPhase section */

/* Begin PBXVariantGroup section */
		CAEBAF4123CDAAFF004B7F40 /* Main.storyboard */ = {
			isa = PBXVariantGroup;
			children = (
				CAEBAF4223CDAAFF004B7F40 /* Base */,
			);
			name = Main.storyboard;
			sourceTree = "<group>";
		};
		CAEBAF4623CDAB00004B7F40 /* LaunchScreen.storyboard */ = {
			isa = PBXVariantGroup;
			children = (
				CAEBAF4723CDAB00004B7F40 /* Base */,
			);
			name = LaunchScreen.storyboard;
			sourceTree = "<group>";
		};
/* End PBXVariantGroup section */

/* Begin XCBuildConfiguration section */
		CAEBAF4A23CDAB00004B7F40 /* Debug */ = {
			isa = XCBuildConfiguration;
			buildSettings = {
				ALWAYS_SEARCH_USER_PATHS = NO;
				CLANG_ANALYZER_NONNULL = YES;
				CLANG_ANALYZER_NUMBER_OBJECT_CONVERSION = YES_AGGRESSIVE;
				CLANG_CXX_LANGUAGE_STANDARD = "gnu++14";
				CLANG_CXX_LIBRARY = "libc++";
				CLANG_ENABLE_MODULES = YES;
				CLANG_ENABLE_OBJC_ARC = YES;
				CLANG_ENABLE_OBJC_WEAK = YES;
				CLANG_WARN_BLOCK_CAPTURE_AUTORELEASING = YES;
				CLANG_WARN_BOOL_CONVERSION = YES;
				CLANG_WARN_COMMA = YES;
				CLANG_WARN_CONSTANT_CONVERSION = YES;
				CLANG_WARN_DEPRECATED_OBJC_IMPLEMENTATIONS = YES;
				CLANG_WARN_DIRECT_OBJC_ISA_USAGE = YES_ERROR;
				CLANG_WARN_DOCUMENTATION_COMMENTS = YES;
				CLANG_WARN_EMPTY_BODY = YES;
				CLANG_WARN_ENUM_CONVERSION = YES;
				CLANG_WARN_INFINITE_RECURSION = YES;
				CLANG_WARN_INT_CONVERSION = YES;
				CLANG_WARN_NON_LITERAL_NULL_CONVERSION = YES;
				CLANG_WARN_OBJC_IMPLICIT_RETAIN_SELF = YES;
				CLANG_WARN_OBJC_LITERAL_CONVERSION = YES;
				CLANG_WARN_OBJC_ROOT_CLASS = YES_ERROR;
				CLANG_WARN_RANGE_LOOP_ANALYSIS = YES;
				CLANG_WARN_STRICT_PROTOTYPES = YES;
				CLANG_WARN_SUSPICIOUS_MOVE = YES;
				CLANG_WARN_UNGUARDED_AVAILABILITY = YES_AGGRESSIVE;
				CLANG_WARN_UNREACHABLE_CODE = YES;
				CLANG_WARN__DUPLICATE_METHOD_MATCH = YES;
				COPY_PHASE_STRIP = NO;
				DEBUG_INFORMATION_FORMAT = dwarf;
				ENABLE_STRICT_OBJC_MSGSEND = YES;
				ENABLE_TESTABILITY = YES;
				GCC_C_LANGUAGE_STANDARD = gnu11;
				GCC_DYNAMIC_NO_PIC = NO;
				GCC_NO_COMMON_BLOCKS = YES;
				GCC_OPTIMIZATION_LEVEL = 0;
				GCC_PREPROCESSOR_DEFINITIONS = (
					"DEBUG=1",
					"$(inherited)",
				);
				GCC_WARN_64_TO_32_BIT_CONVERSION = YES;
				GCC_WARN_ABOUT_RETURN_TYPE = YES_ERROR;
				GCC_WARN_UNDECLARED_SELECTOR = YES;
				GCC_WARN_UNINITIALIZED_AUTOS = YES_AGGRESSIVE;
				GCC_WARN_UNUSED_FUNCTION = YES;
				GCC_WARN_UNUSED_VARIABLE = YES;
				IPHONEOS_DEPLOYMENT_TARGET = 13.2;
				MTL_ENABLE_DEBUG_INFO = INCLUDE_SOURCE;
				MTL_FAST_MATH = YES;
				ONLY_ACTIVE_ARCH = YES;
				SDKROOT = iphoneos;
				SWIFT_ACTIVE_COMPILATION_CONDITIONS = DEBUG;
				SWIFT_OPTIMIZATION_LEVEL = "-Onone";
			};
			name = Debug;
		};
		CAEBAF4B23CDAB00004B7F40 /* Release */ = {
			isa = XCBuildConfiguration;
			buildSettings = {
				ALWAYS_SEARCH_USER_PATHS = NO;
				CLANG_ANALYZER_NONNULL = YES;
				CLANG_ANALYZER_NUMBER_OBJECT_CONVERSION = YES_AGGRESSIVE;
				CLANG_CXX_LANGUAGE_STANDARD = "gnu++14";
				CLANG_CXX_LIBRARY = "libc++";
				CLANG_ENABLE_MODULES = YES;
				CLANG_ENABLE_OBJC_ARC = YES;
				CLANG_ENABLE_OBJC_WEAK = YES;
				CLANG_WARN_BLOCK_CAPTURE_AUTORELEASING = YES;
				CLANG_WARN_BOOL_CONVERSION = YES;
				CLANG_WARN_COMMA = YES;
				CLANG_WARN_CONSTANT_CONVERSION = YES;
				CLANG_WARN_DEPRECATED_OBJC_IMPLEMENTATIONS = YES;
				CLANG_WARN_DIRECT_OBJC_ISA_USAGE = YES_ERROR;
				CLANG_WARN_DOCUMENTATION_COMMENTS = YES;
				CLANG_WARN_EMPTY_BODY = YES;
				CLANG_WARN_ENUM_CONVERSION = YES;
				CLANG_WARN_INFINITE_RECURSION = YES;
				CLANG_WARN_INT_CONVERSION = YES;
				CLANG_WARN_NON_LITERAL_NULL_CONVERSION = YES;
				CLANG_WARN_OBJC_IMPLICIT_RETAIN_SELF = YES;
				CLANG_WARN_OBJC_LITERAL_CONVERSION = YES;
				CLANG_WARN_OBJC_ROOT_CLASS = YES_ERROR;
				CLANG_WARN_RANGE_LOOP_ANALYSIS = YES;
				CLANG_WARN_STRICT_PROTOTYPES = YES;
				CLANG_WARN_SUSPICIOUS_MOVE = YES;
				CLANG_WARN_UNGUARDED_AVAILABILITY = YES_AGGRESSIVE;
				CLANG_WARN_UNREACHABLE_CODE = YES;
				CLANG_WARN__DUPLICATE_METHOD_MATCH = YES;
				COPY_PHASE_STRIP = NO;
				DEBUG_INFORMATION_FORMAT = "dwarf-with-dsym";
				ENABLE_NS_ASSERTIONS = NO;
				ENABLE_STRICT_OBJC_MSGSEND = YES;
				GCC_C_LANGUAGE_STANDARD = gnu11;
				GCC_NO_COMMON_BLOCKS = YES;
				GCC_WARN_64_TO_32_BIT_CONVERSION = YES;
				GCC_WARN_ABOUT_RETURN_TYPE = YES_ERROR;
				GCC_WARN_UNDECLARED_SELECTOR = YES;
				GCC_WARN_UNINITIALIZED_AUTOS = YES_AGGRESSIVE;
				GCC_WARN_UNUSED_FUNCTION = YES;
				GCC_WARN_UNUSED_VARIABLE = YES;
				IPHONEOS_DEPLOYMENT_TARGET = 13.2;
				MTL_ENABLE_DEBUG_INFO = NO;
				MTL_FAST_MATH = YES;
				SDKROOT = iphoneos;
				SWIFT_COMPILATION_MODE = wholemodule;
				SWIFT_OPTIMIZATION_LEVEL = "-O";
				VALIDATE_PRODUCT = YES;
			};
			name = Release;
		};
		CAEBAF4D23CDAB00004B7F40 /* Debug */ = {
			isa = XCBuildConfiguration;
			buildSettings = {
				ASSETCATALOG_COMPILER_APPICON_NAME = AppIcon;
				CODE_SIGN_STYLE = Automatic;
				DEVELOPMENT_TEAM = UMT5SK6MNZ;
				FRAMEWORK_SEARCH_PATHS = (
					"$(inherited)",
					"$(PROJECT_DIR)/JzOsSqlHelper",
					"$(PROJECT_DIR)/JzOsSqlHelperDemo",
				);
				INFOPLIST_FILE = /Users/jianzhi.wang/Desktop/JzOsSqlHelperDemo/JzOsSqlHelperDemo/Info.plist;
				IPHONEOS_DEPLOYMENT_TARGET = 11.0;
				LD_RUNPATH_SEARCH_PATHS = (
					"$(inherited)",
					"@executable_path/Frameworks",
				);
				PRODUCT_BUNDLE_IDENTIFIER = Jianzhi.wang.JzOsSqlHelperDemo;
				PRODUCT_NAME = JzOsSqlHelperDemo;
				SWIFT_VERSION = 5.0;
				TARGETED_DEVICE_FAMILY = "1,2";
			};
			name = Debug;
		};
		CAEBAF4E23CDAB00004B7F40 /* Release */ = {
			isa = XCBuildConfiguration;
			buildSettings = {
				ASSETCATALOG_COMPILER_APPICON_NAME = AppIcon;
				CODE_SIGN_STYLE = Automatic;
				DEVELOPMENT_TEAM = UMT5SK6MNZ;
				FRAMEWORK_SEARCH_PATHS = (
					"$(inherited)",
					"$(PROJECT_DIR)/JzOsSqlHelper",
					"$(PROJECT_DIR)/JzOsSqlHelperDemo",
				);
				INFOPLIST_FILE = /Users/jianzhi.wang/Desktop/JzOsSqlHelperDemo/JzOsSqlHelperDemo/Info.plist;
				IPHONEOS_DEPLOYMENT_TARGET = 11.0;
				LD_RUNPATH_SEARCH_PATHS = (
					"$(inherited)",
					"@executable_path/Frameworks",
				);
				PRODUCT_BUNDLE_IDENTIFIER = Jianzhi.wang.JzOsSqlHelperDemo;
				PRODUCT_NAME = JzOsSqlHelperDemo;
				SWIFT_VERSION = 5.0;
				TARGETED_DEVICE_FAMILY = "1,2";
			};
			name = Release;
		};
/* End XCBuildConfiguration section */

/* Begin XCConfigurationList section */
		CAEBAF3323CDAAFF004B7F40 /* Build configuration list for PBXProject "JzOsSqlHelper" */ = {
			isa = XCConfigurationList;
			buildConfigurations = (
				CAEBAF4A23CDAB00004B7F40 /* Debug */,
				CAEBAF4B23CDAB00004B7F40 /* Release */,
			);
			defaultConfigurationIsVisible = 0;
			defaultConfigurationName = Release;
		};
		CAEBAF4C23CDAB00004B7F40 /* Build configuration list for PBXNativeTarget "JzOsSqlHelper" */ = {
			isa = XCConfigurationList;
			buildConfigurations = (
				CAEBAF4D23CDAB00004B7F40 /* Debug */,
				CAEBAF4E23CDAB00004B7F40 /* Release */,
			);
			defaultConfigurationIsVisible = 0;
			defaultConfigurationName = Release;
		};
/* End XCConfigurationList section */
	};
	rootObject = CAEBAF3023CDAAFF004B7F40 /* Project object */;
}
